{
  "name": "ZenFlo",
  "version": "0.0.1",
  "lockfileVersion": 2,
  "requires": true,
  "packages": {
    "": {
      "name": "ZenFlo",
      "version": "0.0.1",
      "hasInstallScript": true,
      "devDependencies": {
        "lix": "^15.11.4"
      }
    },
    "node_modules/lix": {
      "version": "15.11.4",
      "resolved": "https://registry.npmjs.org/lix/-/lix-15.11.4.tgz",
      "integrity": "sha512-OVoBQu2nvFqE1nXjnVh2mHzOqP1F+c5ehtleJfHglRCnHgdWPM2aAIQFEngjEG4eqeAiw2rdQQhGQs+1Q6gO+w==",
      "dev": true,
      "hasInstallScript": true,
      "bin": {
        "haxe": "bin/haxeshim.js",
        "haxelib": "bin/haxelibshim.js",
        "lix": "bin/lix.js",
        "neko": "bin/nekoshim.js"
      }
    }
  },
  "dependencies": {
    "lix": {
      "version": "15.11.4",
      "resolved": "https://registry.npmjs.org/lix/-/lix-15.11.4.tgz",
      "integrity": "sha512-OVoBQu2nvFqE1nXjnVh2mHzOqP1F+c5ehtleJfHglRCnHgdWPM2aAIQFEngjEG4eqeAiw2rdQQhGQs+1Q6gO+w==",
      "dev": true
    }
  }
}
